// !$*UTF8*$!
{
	archiveVersion = 1;
	classes = {
	};
	objectVersion = 55;
	objects = {

/* Begin PBXBuildFile section */
		C765E8722B9DB9A1001D725C /* main.m in Sources */ = {isa = PBXBuildFile; fileRef = C765E8712B9DB9A1001D725C /* main.m */; };
		C765E8792B9DBA31001D725C /* Figure.m in Sources */ = {isa = PBXBuildFile; fileRef = C765E8782B9DBA31001D725C /* Figure.m */; };
		C765E8802B9DBB4B001D725C /* Circle.m in Sources */ = {isa = PBXBuildFile; fileRef = C765E87F2B9DBB4B001D725C /* Circle.m */; };
		C765E8822B9DBB79001D725C /* Rectangle.m in Sources */ = {isa = PBXBuildFile; fileRef = C765E8812B9DBB79001D725C /* Rectangle.m */; };
		C765E8842B9DBBA4001D725C /* Triangle.m in Sources */ = {isa = PBXBuildFile; fileRef = C765E8832B9DBBA4001D725C /* Triangle.m */; };
/* End PBXBuildFile section */

/* Begin PBXCopyFilesBuildPhase section */
		C765E86C2B9DB9A1001D725C /* CopyFiles */ = {
			isa = PBXCopyFilesBuildPhase;
			buildActionMask = 2147483647;
			dstPath = /usr/share/man/man1/;
			dstSubfolderSpec = 0;
			files = (
			);
			runOnlyForDeploymentPostprocessing = 1;
		};
/* End PBXCopyFilesBuildPhase section */

/* Begin PBXFileReference section */
		C706C28C2B9DD62A004AD939 /* Figure.h */ = {isa = PBXFileReference; lastKnownFileType = sourcecode.c.h; path = Figure.h; sourceTree = "<group>"; };
		C765E86E2B9DB9A1001D725C /* HomeWork2 */ = {isa = PBXFileReference; explicitFileType = "compiled.mach-o.executable"; includeInIndex = 0; path = HomeWork2; sourceTree = BUILT_PRODUCTS_DIR; };
		C765E8712B9DB9A1001D725C /* main.m */ = {isa = PBXFileReference; lastKnownFileType = sourcecode.c.objc; path = main.m; sourceTree = "<group>"; };
		C765E8782B9DBA31001D725C /* Figure.m */ = {isa = PBXFileReference; lastKnownFileType = sourcecode.c.objc; path = Figure.m; sourceTree = "<group>"; };
		C765E87A2B9DBA6D001D725C /* Figure.h */ = {isa = PBXFileReference; lastKnownFileType = sourcecode.c.h; path = Figure.h; sourceTree = "<group>"; };
		C765E87B2B9DBAAE001D725C /* Circle.h */ = {isa = PBXFileReference; lastKnownFileType = sourcecode.c.h; path = Circle.h; sourceTree = "<group>"; };
		C765E87C2B9DBADE001D725C /* Rectangle.h */ = {isa = PBXFileReference; lastKnownFileType = sourcecode.c.h; path = Rectangle.h; sourceTree = "<group>"; };
		C765E87E2B9DBB21001D725C /* Triangle.h */ = {isa = PBXFileReference; lastKnownFileType = sourcecode.c.h; path = Triangle.h; sourceTree = "<group>"; };
		C765E87F2B9DBB4B001D725C /* Circle.m */ = {isa = PBXFileReference; lastKnownFileType = sourcecode.c.objc; path = Circle.m; sourceTree = "<group>"; };
		C765E8812B9DBB79001D725C /* Rectangle.m */ = {isa = PBXFileReference; lastKnownFileType = sourcecode.c.objc; path = Rectangle.m; sourceTree = "<group>"; };
		C765E8832B9DBBA4001D725C /* Triangle.m */ = {isa = PBXFileReference; lastKnownFileType = sourcecode.c.objc; path = Triangle.m; sourceTree = "<group>"; };
/* End PBXFileReference section */

/* Begin PBXFrameworksBuildPhase section */
		C765E86B2B9DB9A1001D725C /* Frameworks */ = {
			isa = PBXFrameworksBuildPhase;
			buildActionMask = 2147483647;
			files = (
			);
			runOnlyForDeploymentPostprocessing = 0;
		};
/* End PBXFrameworksBuildPhase section */

/* Begin PBXGroup section */
		C765E8652B9DB9A1001D725C = {
			isa = PBXGroup;
			children = (
				C765E8702B9DB9A1001D725C /* HomeWork2 */,
				C765E86F2B9DB9A1001D725C /* Products */,
			);
			sourceTree = "<group>";
		};
		C765E86F2B9DB9A1001D725C /* Products */ = {
			isa = PBXGroup;
			children = (
				C765E86E2B9DB9A1001D725C /* HomeWork2 */,
			);
			name = Products;
			sourceTree = "<group>";
		};
		C765E8702B9DB9A1001D725C /* HomeWork2 */ = {
			isa = PBXGroup;
			children = (
				C765E8712B9DB9A1001D725C /* main.m */,
				C765E8782B9DBA31001D725C /* Figure.m */,
				C765E87A2B9DBA6D001D725C /* Figure.h */,
				C765E87D2B9DBAFB001D725C /* Figures */,
			);
			path = HomeWork2;
			sourceTree = "<group>";
		};
		C765E87D2B9DBAFB001D725C /* Figures */ = {
			isa = PBXGroup;
			children = (
				C765E87B2B9DBAAE001D725C /* Circle.h */,
				C765E87E2B9DBB21001D725C /* Triangle.h */,
				C706C28C2B9DD62A004AD939 /* Figure.h */,
				C765E87C2B9DBADE001D725C /* Rectangle.h */,
				C765E87F2B9DBB4B001D725C /* Circle.m */,
				C765E8812B9DBB79001D725C /* Rectangle.m */,
				C765E8832B9DBBA4001D725C /* Triangle.m */,
			);
			name = Figures;
			sourceTree = "<group>";
		};
/* End PBXGroup section */

/* Begin PBXNativeTarget section */
		C765E86D2B9DB9A1001D725C /* HomeWork2 */ = {
			isa = PBXNativeTarget;
			buildConfigurationList = C765E8752B9DB9A1001D725C /* Build configuration list for PBXNativeTarget "HomeWork2" */;
			buildPhases = (
				C765E86A2B9DB9A1001D725C /* Sources */,
				C765E86B2B9DB9A1001D725C /* Frameworks */,
				C765E86C2B9DB9A1001D725C /* CopyFiles */,
			);
			buildRules = (
			);
			dependencies = (
			);
			name = HomeWork2;
			productName = HomeWork2;
			productReference = C765E86E2B9DB9A1001D725C /* HomeWork2 */;
			productType = "com.apple.product-type.tool";
		};
/* End PBXNativeTarget section */

/* Begin PBXProject section */
		C765E8662B9DB9A1001D725C /* Project object */ = {
			isa = PBXProject;
			attributes = {
				BuildIndependentTargetsInParallel = 1;
				LastUpgradeCheck = 1320;
				TargetAttributes = {
					C765E86D2B9DB9A1001D725C = {
						CreatedOnToolsVersion = 13.2.1;
					};
				};
			};
			buildConfigurationList = C765E8692B9DB9A1001D725C /* Build configuration list for PBXProject "HomeWork2" */;
			compatibilityVersion = "Xcode 13.0";
			developmentRegion = en;
			hasScannedForEncodings = 0;
			knownRegions = (
				en,
				Base,
			);
			mainGroup = C765E8652B9DB9A1001D725C;
			productRefGroup = C765E86F2B9DB9A1001D725C /* Products */;
			projectDirPath = "";
			projectRoot = "";
			targets = (
				C765E86D2B9DB9A1001D725C /* HomeWork2 */,
			);
		};
/* End PBXProject section */

/* Begin PBXSourcesBuildPhase section */
		C765E86A2B9DB9A1001D725C /* Sources */ = {
			isa = PBXSourcesBuildPhase;
			buildActionMask = 2147483647;
			files = (
				C765E8842B9DBBA4001D725C /* Triangle.m in Sources */,
				C765E8802B9DBB4B001D725C /* Circle.m in Sources */,
				C765E8722B9DB9A1001D725C /* main.m in Sources */,
				C765E8792B9DBA31001D725C /* Figure.m in Sources */,
				C765E8822B9DBB79001D725C /* Rectangle.m in Sources */,
			);
			runOnlyForDeploymentPostprocessing = 0;
		};
/* End PBXSourcesBuildPhase section */

/* Begin XCBuildConfiguration section */
		C765E8732B9DB9A1001D725C /* Debug */ = {
			isa = XCBuildConfiguration;
			buildSettings = {
				ALWAYS_SEARCH_USER_PATHS = NO;
				CLANG_ANALYZER_NONNULL = YES;
				CLANG_ANALYZER_NUMBER_OBJECT_CONVERSION = YES_AGGRESSIVE;
				CLANG_CXX_LANGUAGE_STANDARD = "gnu++17";
				CLANG_CXX_LIBRARY = "libc++";
				CLANG_ENABLE_MODULES = YES;
				CLANG_ENABLE_OBJC_ARC = YES;
				CLANG_ENABLE_OBJC_WEAK = YES;
				CLANG_WARN_BLOCK_CAPTURE_AUTORELEASING = YES;
				CLANG_WARN_BOOL_CONVERSION = YES;
				CLANG_WARN_COMMA = YES;
				CLANG_WARN_CONSTANT_CONVERSION = YES;
				CLANG_WARN_DEPRECATED_OBJC_IMPLEMENTATIONS = YES;
				CLANG_WARN_DIRECT_OBJC_ISA_USAGE = YES_ERROR;
				CLANG_WARN_DOCUMENTATION_COMMENTS = YES;
				CLANG_WARN_EMPTY_BODY = YES;
				CLANG_WARN_ENUM_CONVERSION = YES;
				CLANG_WARN_INFINITE_RECURSION = YES;
				CLANG_WARN_INT_CONVERSION = YES;
				CLANG_WARN_NON_LITERAL_NULL_CONVERSION = YES;
				CLANG_WARN_OBJC_IMPLICIT_RETAIN_SELF = YES;
				CLANG_WARN_OBJC_LITERAL_CONVERSION = YES;
				CLANG_WARN_OBJC_ROOT_CLASS = YES_ERROR;
				CLANG_WARN_QUOTED_INCLUDE_IN_FRAMEWORK_HEADER = YES;
				CLANG_WARN_RANGE_LOOP_ANALYSIS = YES;
				CLANG_WARN_STRICT_PROTOTYPES = YES;
				CLANG_WARN_SUSPICIOUS_MOVE = YES;
				CLANG_WARN_UNGUARDED_AVAILABILITY = YES_AGGRESSIVE;
				CLANG_WARN_UNREACHABLE_CODE = YES;
				CLANG_WARN__DUPLICATE_METHOD_MATCH = YES;
				COPY_PHASE_STRIP = NO;
				DEBUG_INFORMATION_FORMAT = dwarf;
				ENABLE_STRICT_OBJC_MSGSEND = YES;
				ENABLE_TESTABILITY = YES;
				GCC_C_LANGUAGE_STANDARD = gnu11;
				GCC_DYNAMIC_NO_PIC = NO;
				GCC_NO_COMMON_BLOCKS = YES;
				GCC_OPTIMIZATION_LEVEL = 0;
				GCC_PREPROCESSOR_DEFINITIONS = (
					"DEBUG=1",
					"$(inherited)",
				);
				GCC_WARN_64_TO_32_BIT_CONVERSION = YES;
				GCC_WARN_ABOUT_RETURN_TYPE = YES_ERROR;
				GCC_WARN_UNDECLARED_SELECTOR = YES;
				GCC_WARN_UNINITIALIZED_AUTOS = YES_AGGRESSIVE;
				GCC_WARN_UNUSED_FUNCTION = YES;
				GCC_WARN_UNUSED_VARIABLE = YES;
				MACOSX_DEPLOYMENT_TARGET = 11.7;
				MTL_ENABLE_DEBUG_INFO = INCLUDE_SOURCE;
				MTL_FAST_MATH = YES;
				ONLY_ACTIVE_ARCH = YES;
				SDKROOT = macosx;
			};
			name = Debug;
		};
		C765E8742B9DB9A1001D725C /* Release */ = {
			isa = XCBuildConfiguration;
			buildSettings = {
				ALWAYS_SEARCH_USER_PATHS = NO;
				CLANG_ANALYZER_NONNULL = YES;
				CLANG_ANALYZER_NUMBER_OBJECT_CONVERSION = YES_AGGRESSIVE;
				CLANG_CXX_LANGUAGE_STANDARD = "gnu++17";
				CLANG_CXX_LIBRARY = "libc++";
				CLANG_ENABLE_MODULES = YES;
				CLANG_ENABLE_OBJC_ARC = YES;
				CLANG_ENABLE_OBJC_WEAK = YES;
				CLANG_WARN_BLOCK_CAPTURE_AUTORELEASING = YES;
				CLANG_WARN_BOOL_CONVERSION = YES;
				CLANG_WARN_COMMA = YES;
				CLANG_WARN_CONSTANT_CONVERSION = YES;
				CLANG_WARN_DEPRECATED_OBJC_IMPLEMENTATIONS = YES;
				CLANG_WARN_DIRECT_OBJC_ISA_USAGE = YES_ERROR;
				CLANG_WARN_DOCUMENTATION_COMMENTS = YES;
				CLANG_WARN_EMPTY_BODY = YES;
				CLANG_WARN_ENUM_CONVERSION = YES;
				CLANG_WARN_INFINITE_RECURSION = YES;
				CLANG_WARN_INT_CONVERSION = YES;
				CLANG_WARN_NON_LITERAL_NULL_CONVERSION = YES;
				CLANG_WARN_OBJC_IMPLICIT_RETAIN_SELF = YES;
				CLANG_WARN_OBJC_LITERAL_CONVERSION = YES;
				CLANG_WARN_OBJC_ROOT_CLASS = YES_ERROR;
				CLANG_WARN_QUOTED_INCLUDE_IN_FRAMEWORK_HEADER = YES;
				CLANG_WARN_RANGE_LOOP_ANALYSIS = YES;
				CLANG_WARN_STRICT_PROTOTYPES = YES;
				CLANG_WARN_SUSPICIOUS_MOVE = YES;
				CLANG_WARN_UNGUARDED_AVAILABILITY = YES_AGGRESSIVE;
				CLANG_WARN_UNREACHABLE_CODE = YES;
				CLANG_WARN__DUPLICATE_METHOD_MATCH = YES;
				COPY_PHASE_STRIP = NO;
				DEBUG_INFORMATION_FORMAT = "dwarf-with-dsym";
				ENABLE_NS_ASSERTIONS = NO;
				ENABLE_STRICT_OBJC_MSGSEND = YES;
				GCC_C_LANGUAGE_STANDARD = gnu11;
				GCC_NO_COMMON_BLOCKS = YES;
				GCC_WARN_64_TO_32_BIT_CONVERSION = YES;
				GCC_WARN_ABOUT_RETURN_TYPE = YES_ERROR;
				GCC_WARN_UNDECLARED_SELECTOR = YES;
				GCC_WARN_UNINITIALIZED_AUTOS = YES_AGGRESSIVE;
				GCC_WARN_UNUSED_FUNCTION = YES;
				GCC_WARN_UNUSED_VARIABLE = YES;
				MACOSX_DEPLOYMENT_TARGET = 11.7;
				MTL_ENABLE_DEBUG_INFO = NO;
				MTL_FAST_MATH = YES;
				SDKROOT = macosx;
			};
			name = Release;
		};
		C765E8762B9DB9A1001D725C /* Debug */ = {
			isa = XCBuildConfiguration;
			buildSettings = {
				CODE_SIGN_STYLE = Automatic;
				"HEADER_SEARCH_PATHS[arch=*]" = "\"$(SRCROOT)/Figures\"";
				PRODUCT_NAME = "$(TARGET_NAME)";
			};
			name = Debug;
		};
		C765E8772B9DB9A1001D725C /* Release */ = {
			isa = XCBuildConfiguration;
			buildSettings = {
				CODE_SIGN_STYLE = Automatic;
				PRODUCT_NAME = "$(TARGET_NAME)";
			};
			name = Release;
		};
/* End XCBuildConfiguration section */

/* Begin XCConfigurationList section */
		C765E8692B9DB9A1001D725C /* Build configuration list for PBXProject "HomeWork2" */ = {
			isa = XCConfigurationList;
			buildConfigurations = (
				C765E8732B9DB9A1001D725C /* Debug */,
				C765E8742B9DB9A1001D725C /* Release */,
			);
			defaultConfigurationIsVisible = 0;
			defaultConfigurationName = Release;
		};
		C765E8752B9DB9A1001D725C /* Build configuration list for PBXNativeTarget "HomeWork2" */ = {
			isa = XCConfigurationList;
			buildConfigurations = (
				C765E8762B9DB9A1001D725C /* Debug */,
				C765E8772B9DB9A1001D725C /* Release */,
			);
			defaultConfigurationIsVisible = 0;
			defaultConfigurationName = Release;
		};
/* End XCConfigurationList section */
	};
	rootObject = C765E8662B9DB9A1001D725C /* Project object */;
}
